
Microsoft Visual Studio Solution File, Format Version 12.00
# Visual Studio Version 17
VisualStudioVersion = 17.11.35312.102
MinimumVisualStudioVersion = 10.0.40219.1
Project("{FAE04EC0-301F-11D3-BF4B-00C04F79EFBC}") = "Functions", "Functions\Functions.csproj", "{A72F317A-8417-4814-B175-880EB081EB3D}"
EndProject
Global
	GlobalSection(SolutionConfigurationPlatforms) = preSolution
		Debug|Any CPU = Debug|Any CPU
		Release|Any CPU = Release|Any CPU
	EndGlobalSection
	GlobalSection(ProjectConfigurationPlatforms) = postSolution
		{A72F317A-8417-4814-B175-880EB081EB3D}.Debug|Any CPU.ActiveCfg = Debug|Any CPU
		{A72F317A-8417-4814-B175-880EB081EB3D}.Debug|Any CPU.Build.0 = Debug|Any CPU
		{A72F317A-8417-4814-B175-880EB081EB3D}.Release|Any CPU.ActiveCfg = Release|Any CPU
		{A72F317A-8417-4814-B175-880EB081EB3D}.Release|Any CPU.Build.0 = Release|Any CPU
	EndGlobalSection
	GlobalSection(SolutionProperties) = preSolution
		HideSolutionNode = FALSE
	EndGlobalSection
	GlobalSection(ExtensibilityGlobals) = postSolution
		SolutionGuid = {8F10D1C0-A3B9-4FBF-8BC4-6E18DD61A8E6}
	EndGlobalSection
EndGlobal
