
Microsoft Visual Studio Solution File, Format Version 12.00
# Visual Studio Version 17
VisualStudioVersion = 17.4.33403.182
MinimumVisualStudioVersion = 10.0.40219.1
Project("{2150E333-8FDC-42A3-9474-1A3956D46DE8}") = "External", "External", "{532787FA-E850-4CBB-A7C8-7D3C7260B3B1}"
EndProject
Project("{FAE04EC0-301F-11D3-BF4B-00C04F79EFBC}") = "WeatherService.Api", "WeatherService.Api\WeatherService.Api.csproj", "{5ECBD9D1-6AB9-4F9F-83C7-FA2AA1CBFBAA}"
EndProject
Project("{FAE04EC0-301F-11D3-BF4B-00C04F79EFBC}") = "BffApi", "BffApi\BffApi.csproj", "{B6C27E44-50C6-44A0-B4F4-A6014ADEFBCA}"
EndProject
Global
	GlobalSection(SolutionConfigurationPlatforms) = preSolution
		Debug|Any CPU = Debug|Any CPU
		Release|Any CPU = Release|Any CPU
	EndGlobalSection
	GlobalSection(ProjectConfigurationPlatforms) = postSolution
		{5ECBD9D1-6AB9-4F9F-83C7-FA2AA1CBFBAA}.Debug|Any CPU.ActiveCfg = Debug|Any CPU
		{5ECBD9D1-6AB9-4F9F-83C7-FA2AA1CBFBAA}.Debug|Any CPU.Build.0 = Debug|Any CPU
		{5ECBD9D1-6AB9-4F9F-83C7-FA2AA1CBFBAA}.Release|Any CPU.ActiveCfg = Release|Any CPU
		{5ECBD9D1-6AB9-4F9F-83C7-FA2AA1CBFBAA}.Release|Any CPU.Build.0 = Release|Any CPU
		{B6C27E44-50C6-44A0-B4F4-A6014ADEFBCA}.Debug|Any CPU.ActiveCfg = Debug|Any CPU
		{B6C27E44-50C6-44A0-B4F4-A6014ADEFBCA}.Debug|Any CPU.Build.0 = Debug|Any CPU
		{B6C27E44-50C6-44A0-B4F4-A6014ADEFBCA}.Release|Any CPU.ActiveCfg = Release|Any CPU
		{B6C27E44-50C6-44A0-B4F4-A6014ADEFBCA}.Release|Any CPU.Build.0 = Release|Any CPU
	EndGlobalSection
	GlobalSection(SolutionProperties) = preSolution
		HideSolutionNode = FALSE
	EndGlobalSection
	GlobalSection(NestedProjects) = preSolution
		{5ECBD9D1-6AB9-4F9F-83C7-FA2AA1CBFBAA} = {532787FA-E850-4CBB-A7C8-7D3C7260B3B1}
	EndGlobalSection
	GlobalSection(ExtensibilityGlobals) = postSolution
		SolutionGuid = {CB2A8E4D-4E4A-4612-88C2-FFE3235D1068}
	EndGlobalSection
EndGlobal
