
Microsoft Visual Studio Solution File, Format Version 12.00
# Visual Studio Version 17
VisualStudioVersion = 17.11.35327.3
MinimumVisualStudioVersion = 10.0.40219.1
Project("{9A19103F-16F7-4668-BE54-9A1E7A4F7556}") = "HelloLambda", "HelloLambda.csproj", "{8A57EB84-C635-427C-93B4-E827668CA92A}"
EndProject
Global
	GlobalSection(SolutionConfigurationPlatforms) = preSolution
		Debug|Any CPU = Debug|Any CPU
		Release|Any CPU = Release|Any CPU
	EndGlobalSection
	GlobalSection(ProjectConfigurationPlatforms) = postSolution
		{8A57EB84-C635-427C-93B4-E827668CA92A}.Debug|Any CPU.ActiveCfg = Debug|Any CPU
		{8A57EB84-C635-427C-93B4-E827668CA92A}.Debug|Any CPU.Build.0 = Debug|Any CPU
		{8A57EB84-C635-427C-93B4-E827668CA92A}.Release|Any CPU.ActiveCfg = Release|Any CPU
		{8A57EB84-C635-427C-93B4-E827668CA92A}.Release|Any CPU.Build.0 = Release|Any CPU
	EndGlobalSection
	GlobalSection(SolutionProperties) = preSolution
		HideSolutionNode = FALSE
	EndGlobalSection
	GlobalSection(ExtensibilityGlobals) = postSolution
		SolutionGuid = {81CFFF51-F266-424C-845F-3AB8C4D295AE}
	EndGlobalSection
EndGlobal
