
Microsoft Visual Studio Solution File, Format Version 12.00
# Visual Studio Version 17
VisualStudioVersion = 17.0.31903.59
MinimumVisualStudioVersion = 10.0.40219.1
Project("{FAE04EC0-301F-11D3-BF4B-00C04F79EFBC}") = "MultipleTasks.Api", "MultipleTasks.Api\MultipleTasks.Api.csproj", "{E3737D32-84F7-4DFC-95BC-98C265333E87}"
EndProject
Project("{FAE04EC0-301F-11D3-BF4B-00C04F79EFBC}") = "MultipleTasks.Client", "MultipleTasks.Client\MultipleTasks.Client.csproj", "{AB7271BC-EF6C-4C2F-B590-6206AA1A24B2}"
EndProject
Global
	GlobalSection(SolutionConfigurationPlatforms) = preSolution
		Debug|Any CPU = Debug|Any CPU
		Release|Any CPU = Release|Any CPU
	EndGlobalSection
	GlobalSection(ProjectConfigurationPlatforms) = postSolution
		{E3737D32-84F7-4DFC-95BC-98C265333E87}.Debug|Any CPU.ActiveCfg = Debug|Any CPU
		{E3737D32-84F7-4DFC-95BC-98C265333E87}.Debug|Any CPU.Build.0 = Debug|Any CPU
		{E3737D32-84F7-4DFC-95BC-98C265333E87}.Release|Any CPU.ActiveCfg = Release|Any CPU
		{E3737D32-84F7-4DFC-95BC-98C265333E87}.Release|Any CPU.Build.0 = Release|Any CPU
		{AB7271BC-EF6C-4C2F-B590-6206AA1A24B2}.Debug|Any CPU.ActiveCfg = Debug|Any CPU
		{AB7271BC-EF6C-4C2F-B590-6206AA1A24B2}.Debug|Any CPU.Build.0 = Debug|Any CPU
		{AB7271BC-EF6C-4C2F-B590-6206AA1A24B2}.Release|Any CPU.ActiveCfg = Release|Any CPU
		{AB7271BC-EF6C-4C2F-B590-6206AA1A24B2}.Release|Any CPU.Build.0 = Release|Any CPU
	EndGlobalSection
	GlobalSection(SolutionProperties) = preSolution
		HideSolutionNode = FALSE
	EndGlobalSection
	GlobalSection(ExtensibilityGlobals) = postSolution
		SolutionGuid = {01DAD9A0-976E-42D6-B591-85F176915E3F}
	EndGlobalSection
EndGlobal
