
Microsoft Visual Studio Solution File, Format Version 12.00
# Visual Studio Version 17
VisualStudioVersion = 17.4.33213.308
MinimumVisualStudioVersion = 10.0.40219.1
Project("{9A19103F-16F7-4668-BE54-9A1E7A4F7556}") = "UsingAutoFixture", "UsingAutoFixture\UsingAutoFixture.csproj", "{E9878DE5-4D1E-4B50-BDEB-E3E9159B27D4}"
EndProject
Project("{FAE04EC0-301F-11D3-BF4B-00C04F79EFBC}") = "TestingDomain", "TestingDomain\TestingDomain.csproj", "{FEBBE27A-F2E8-47A7-ABB8-6F49EAB11EA0}"
EndProject
Global
	GlobalSection(SolutionConfigurationPlatforms) = preSolution
		Debug|Any CPU = Debug|Any CPU
		Release|Any CPU = Release|Any CPU
	EndGlobalSection
	GlobalSection(ProjectConfigurationPlatforms) = postSolution
		{E9878DE5-4D1E-4B50-BDEB-E3E9159B27D4}.Debug|Any CPU.ActiveCfg = Debug|Any CPU
		{E9878DE5-4D1E-4B50-BDEB-E3E9159B27D4}.Debug|Any CPU.Build.0 = Debug|Any CPU
		{E9878DE5-4D1E-4B50-BDEB-E3E9159B27D4}.Release|Any CPU.ActiveCfg = Release|Any CPU
		{E9878DE5-4D1E-4B50-BDEB-E3E9159B27D4}.Release|Any CPU.Build.0 = Release|Any CPU
		{FEBBE27A-F2E8-47A7-ABB8-6F49EAB11EA0}.Debug|Any CPU.ActiveCfg = Debug|Any CPU
		{FEBBE27A-F2E8-47A7-ABB8-6F49EAB11EA0}.Debug|Any CPU.Build.0 = Debug|Any CPU
		{FEBBE27A-F2E8-47A7-ABB8-6F49EAB11EA0}.Release|Any CPU.ActiveCfg = Release|Any CPU
		{FEBBE27A-F2E8-47A7-ABB8-6F49EAB11EA0}.Release|Any CPU.Build.0 = Release|Any CPU
	EndGlobalSection
	GlobalSection(SolutionProperties) = preSolution
		HideSolutionNode = FALSE
	EndGlobalSection
	GlobalSection(ExtensibilityGlobals) = postSolution
		SolutionGuid = {B7572F61-5796-4AED-9332-0772C0C83D98}
	EndGlobalSection
EndGlobal
