
Microsoft Visual Studio Solution File, Format Version 12.00
# Visual Studio Version 17
VisualStudioVersion = 17.5.002.0
MinimumVisualStudioVersion = 10.0.40219.1
Project("{9A19103F-16F7-4668-BE54-9A1E7A4F7556}") = "TodoApi", "TodoApi.csproj", "{B7E36CA1-E6FA-4F67-A1BC-D90F16710A58}"
EndProject
Global
	GlobalSection(SolutionConfigurationPlatforms) = preSolution
		Debug|Any CPU = Debug|Any CPU
		Release|Any CPU = Release|Any CPU
	EndGlobalSection
	GlobalSection(ProjectConfigurationPlatforms) = postSolution
		{B7E36CA1-E6FA-4F67-A1BC-D90F16710A58}.Debug|Any CPU.ActiveCfg = Debug|Any CPU
		{B7E36CA1-E6FA-4F67-A1BC-D90F16710A58}.Debug|Any CPU.Build.0 = Debug|Any CPU
		{B7E36CA1-E6FA-4F67-A1BC-D90F16710A58}.Release|Any CPU.ActiveCfg = Release|Any CPU
		{B7E36CA1-E6FA-4F67-A1BC-D90F16710A58}.Release|Any CPU.Build.0 = Release|Any CPU
	EndGlobalSection
	GlobalSection(SolutionProperties) = preSolution
		HideSolutionNode = FALSE
	EndGlobalSection
	GlobalSection(ExtensibilityGlobals) = postSolution
		SolutionGuid = {BB5D1F43-41B4-46E1-AEB7-23967CCC6D00}
	EndGlobalSection
EndGlobal
