
Microsoft Visual Studio Solution File, Format Version 12.00
# Visual Studio Version 17
VisualStudioVersion = 17.5.002.0
MinimumVisualStudioVersion = 10.0.40219.1
Project("{9A19103F-16F7-4668-BE54-9A1E7A4F7556}") = "kafka-aspnet-frontend", "kafka-aspnet-frontend.csproj", "{3166EF7D-B797-47F3-B960-D1B19FE26BF9}"
EndProject
Global
	GlobalSection(SolutionConfigurationPlatforms) = preSolution
		Debug|Any CPU = Debug|Any CPU
		Release|Any CPU = Release|Any CPU
	EndGlobalSection
	GlobalSection(ProjectConfigurationPlatforms) = postSolution
		{3166EF7D-B797-47F3-B960-D1B19FE26BF9}.Debug|Any CPU.ActiveCfg = Debug|Any CPU
		{3166EF7D-B797-47F3-B960-D1B19FE26BF9}.Debug|Any CPU.Build.0 = Debug|Any CPU
		{3166EF7D-B797-47F3-B960-D1B19FE26BF9}.Release|Any CPU.ActiveCfg = Release|Any CPU
		{3166EF7D-B797-47F3-B960-D1B19FE26BF9}.Release|Any CPU.Build.0 = Release|Any CPU
	EndGlobalSection
	GlobalSection(SolutionProperties) = preSolution
		HideSolutionNode = FALSE
	EndGlobalSection
	GlobalSection(ExtensibilityGlobals) = postSolution
		SolutionGuid = {5A245306-5554-4386-B37D-2004C9FCA69A}
	EndGlobalSection
EndGlobal
