
Microsoft Visual Studio Solution File, Format Version 12.00
# Visual Studio Version 17
VisualStudioVersion = 17.4.33403.182
MinimumVisualStudioVersion = 10.0.40219.1
Project("{FAE04EC0-301F-11D3-BF4B-00C04F79EFBC}") = "TodoApi", "TodoApi\TodoApi.csproj", "{CFC8949A-C282-4E1A-95AD-05D37055BCA3}"
EndProject
Global
	GlobalSection(SolutionConfigurationPlatforms) = preSolution
		Debug|Any CPU = Debug|Any CPU
		Release|Any CPU = Release|Any CPU
	EndGlobalSection
	GlobalSection(ProjectConfigurationPlatforms) = postSolution
		{CFC8949A-C282-4E1A-95AD-05D37055BCA3}.Debug|Any CPU.ActiveCfg = Debug|Any CPU
		{CFC8949A-C282-4E1A-95AD-05D37055BCA3}.Debug|Any CPU.Build.0 = Debug|Any CPU
		{CFC8949A-C282-4E1A-95AD-05D37055BCA3}.Release|Any CPU.ActiveCfg = Release|Any CPU
		{CFC8949A-C282-4E1A-95AD-05D37055BCA3}.Release|Any CPU.Build.0 = Release|Any CPU
	EndGlobalSection
	GlobalSection(SolutionProperties) = preSolution
		HideSolutionNode = FALSE
	EndGlobalSection
	GlobalSection(ExtensibilityGlobals) = postSolution
		SolutionGuid = {5ED0682D-7B48-4667-B14E-C26ABE7727C9}
	EndGlobalSection
EndGlobal
