
Microsoft Visual Studio Solution File, Format Version 12.00
# Visual Studio Version 17
VisualStudioVersion = 17.4.33122.133
MinimumVisualStudioVersion = 10.0.40219.1
Project("{FAE04EC0-301F-11D3-BF4B-00C04F79EFBC}") = "Concepts", "Concepts\Concepts.csproj", "{7E309393-CEE4-4DA3-B341-13B1CD95AEF9}"
EndProject
Global
	GlobalSection(SolutionConfigurationPlatforms) = preSolution
		Debug|Any CPU = Debug|Any CPU
		Release|Any CPU = Release|Any CPU
	EndGlobalSection
	GlobalSection(ProjectConfigurationPlatforms) = postSolution
		{7E309393-CEE4-4DA3-B341-13B1CD95AEF9}.Debug|Any CPU.ActiveCfg = Debug|Any CPU
		{7E309393-CEE4-4DA3-B341-13B1CD95AEF9}.Debug|Any CPU.Build.0 = Debug|Any CPU
		{7E309393-CEE4-4DA3-B341-13B1CD95AEF9}.Release|Any CPU.ActiveCfg = Release|Any CPU
		{7E309393-CEE4-4DA3-B341-13B1CD95AEF9}.Release|Any CPU.Build.0 = Release|Any CPU
	EndGlobalSection
	GlobalSection(SolutionProperties) = preSolution
		HideSolutionNode = FALSE
	EndGlobalSection
	GlobalSection(ExtensibilityGlobals) = postSolution
		SolutionGuid = {248F389E-7E3B-4724-86FE-1D5BD3E778BC}
	EndGlobalSection
EndGlobal
